Microsoft Visual Studio Solution File, Format Version 12.00
# Visual Studio Version 17
VisualStudioVersion = 17.5.2.0
MinimumVisualStudioVersion = 10.0.40219.1
Project("{FAE04EC0-301F-11D3-BF4B-00C04F79EFBC}") = "DocumentApprovalWorkflow", "DocumentApprovalWorkflow\DocumentApprovalWorkflow.csproj", "{DC4886C6-DB85-2719-BC45-1603564C7FBA}"
EndProject
Global
	GlobalSection(SolutionConfigurationPlatforms) = preSolution
		Debug|Any CPU = Debug|Any CPU
		Release|Any CPU = Release|Any CPU
	EndGlobalSection
	GlobalSection(ProjectConfigurationPlatforms) = postSolution
		{DC4886C6-DB85-2719-BC45-1603564C7FBA}.Debug|Any CPU.ActiveCfg = Debug|Any CPU
		{DC4886C6-DB85-2719-BC45-1603564C7FBA}.Debug|Any CPU.Build.0 = Debug|Any CPU
		{DC4886C6-DB85-2719-BC45-1603564C7FBA}.Release|Any CPU.ActiveCfg = Release|Any CPU
		{DC4886C6-DB85-2719-BC45-1603564C7FBA}.Release|Any CPU.Build.0 = Release|Any CPU
	EndGlobalSection
	GlobalSection(SolutionProperties) = preSolution
		HideSolutionNode = FALSE
	EndGlobalSection
	GlobalSection(ExtensibilityGlobals) = postSolution
		SolutionGuid = {85E53284-8640-4391-91AA-80FB75230527}
	EndGlobalSection
EndGlobal
